{
  "version": 4,
  "terraform_version": "1.4.2",
  "serial": 13,
  "lineage": "c9e5a128-4c59-a1a9-f513-fe9ef456fcc6",
  "outputs": {},
  "resources": [
    {
      "mode": "managed",
      "type": "google_compute_network",
      "name": "vpc",
      "provider": "provider[\"registry.terraform.io/hashicorp/google\"]",
      "instances": [
        {
          "schema_version": 0,
          "attributes": {
            "auto_create_subnetworks": false,
            "delete_default_routes_on_create": false,
            "description": "",
            "enable_ula_internal_ipv6": false,
            "gateway_ipv4": "",
            "id": "projects/cloudresume-380001/global/networks/cloudresume-380001-vpc",
            "internal_ipv6_range": "",
            "mtu": 0,
            "name": "cloudresume-380001-vpc",
            "project": "cloudresume-380001",
            "routing_mode": "REGIONAL",
            "self_link": "https://www.googleapis.com/compute/v1/projects/cloudresume-380001/global/networks/cloudresume-380001-vpc",
            "timeouts": null
          },
          "sensitive_attributes": [],
          "private": "eyJlMmJmYjczMC1lY2FhLTExZTYtOGY4OC0zNDM2M2JjN2M0YzAiOnsiY3JlYXRlIjoxMjAwMDAwMDAwMDAwLCJkZWxldGUiOjEyMDAwMDAwMDAwMDAsInVwZGF0ZSI6MTIwMDAwMDAwMDAwMH19"
        }
      ]
    },
    {
      "mode": "managed",
      "type": "google_compute_subnetwork",
      "name": "subnet",
      "provider": "provider[\"registry.terraform.io/hashicorp/google\"]",
      "instances": [
        {
          "schema_version": 0,
          "attributes": {
            "creation_timestamp": "2023-03-21T06:58:34.215-07:00",
            "description": "",
            "external_ipv6_prefix": "",
            "fingerprint": null,
            "gateway_address": "10.10.0.1",
            "id": "projects/cloudresume-380001/regions/us-central1/subnetworks/cloudresume-380001-subnet",
            "ip_cidr_range": "10.10.0.0/24",
            "ipv6_access_type": "",
            "ipv6_cidr_range": "",
            "log_config": [],
            "name": "cloudresume-380001-subnet",
            "network": "https://www.googleapis.com/compute/v1/projects/cloudresume-380001/global/networks/cloudresume-380001-vpc",
            "private_ip_google_access": false,
            "private_ipv6_google_access": "DISABLE_GOOGLE_ACCESS",
            "project": "cloudresume-380001",
            "purpose": "PRIVATE",
            "region": "us-central1",
            "role": "",
            "secondary_ip_range": [],
            "self_link": "https://www.googleapis.com/compute/v1/projects/cloudresume-380001/regions/us-central1/subnetworks/cloudresume-380001-subnet",
            "stack_type": "IPV4_ONLY",
            "timeouts": null
          },
          "sensitive_attributes": [],
          "private": "eyJlMmJmYjczMC1lY2FhLTExZTYtOGY4OC0zNDM2M2JjN2M0YzAiOnsiY3JlYXRlIjoxMjAwMDAwMDAwMDAwLCJkZWxldGUiOjEyMDAwMDAwMDAwMDAsInVwZGF0ZSI6MTIwMDAwMDAwMDAwMH19",
          "dependencies": [
            "google_compute_network.vpc"
          ]
        }
      ]
    },
    {
      "mode": "managed",
      "type": "google_container_cluster",
      "name": "primary",
      "provider": "provider[\"registry.terraform.io/hashicorp/google\"]",
      "instances": [
        {
          "schema_version": 1,
          "attributes": {
            "addons_config": [
              {
                "cloudrun_config": [],
                "gcp_filestore_csi_driver_config": [],
                "horizontal_pod_autoscaling": [],
                "http_load_balancing": [],
                "network_policy_config": [
                  {
                    "disabled": true
                  }
                ]
              }
            ],
            "authenticator_groups_config": [],
            "cluster_autoscaling": [
              {
                "auto_provisioning_defaults": [],
                "enabled": false,
                "resource_limits": []
              }
            ],
            "cluster_ipv4_cidr": "10.76.0.0/14",
            "confidential_nodes": [],
            "database_encryption": [
              {
                "key_name": "",
                "state": "DECRYPTED"
              }
            ],
            "datapath_provider": "",
            "default_max_pods_per_node": null,
            "default_snat_status": [
              {
                "disabled": false
              }
            ],
            "description": "",
            "dns_config": [],
            "enable_autopilot": false,
            "enable_binary_authorization": false,
            "enable_intranode_visibility": false,
            "enable_kubernetes_alpha": false,
            "enable_legacy_abac": false,
            "enable_shielded_nodes": true,
            "enable_tpu": false,
            "endpoint": "104.154.47.17",
            "id": "projects/cloudresume-380001/locations/us-central1-f/clusters/cloudresume-380001-gke",
            "initial_node_count": 1,
            "ip_allocation_policy": [],
            "label_fingerprint": "a9dc16a7",
            "location": "us-central1-f",
            "logging_config": [
              {
                "enable_components": [
                  "SYSTEM_COMPONENTS",
                  "WORKLOADS"
                ]
              }
            ],
            "logging_service": "logging.googleapis.com/kubernetes",
            "maintenance_policy": [],
            "master_auth": [
              {
                "client_certificate": "",
                "client_certificate_config": [
                  {
                    "issue_client_certificate": false
                  }
                ],
                "client_key": "",
                "cluster_ca_certificate": "LS0tLS1CRUdJTiBDRVJUSUZJQ0FURS0tLS0tCk1JSUVMRENDQXBTZ0F3SUJBZ0lRR0pTNVN2SWRoS1hQYzRhV2JjMFp3akFOQmdrcWhraUc5dzBCQVFzRkFEQXYKTVMwd0t3WURWUVFERXlSallqTmxZMkZrTVMxa01HTm1MVFF3TlRndFlUSm1ZaTAwTm1NeE1qazVZbVk0TnpZdwpJQmNOTWpNd016SXhNVE13TURRd1doZ1BNakExTXpBek1UTXhOREF3TkRCYU1DOHhMVEFyQmdOVkJBTVRKR05pCk0yVmpZV1F4TFdRd1kyWXROREExT0MxaE1tWmlMVFEyWXpFeU9UbGlaamczTmpDQ0FhSXdEUVlKS29aSWh2Y04KQVFFQkJRQURnZ0dQQURDQ0FZb0NnZ0dCQUpYWjhrNDBNV28yK3ZyekYwMnJRQ1ZvazEwOGRqZEphTm1OWWJ6NwpXbXNOQXB1VWZMZFgwMzN5QzBDcjcrL3RHaGlnUVc4NEx6TklCc0p1MEhRcHlSakdxNDcxa2FVMWZIZ3hVOS9QCkYxcEtkREVMVmFSbE4wUVlWbUI1eDJUQTNaV2pObkpPdm1NRW80aFEzM0pPdURQOE9PWDFUV2J2S04rdUVZREUKajBNQ0V0RGNJZDArZjMvMlM4czlRQTEwRzRsZ2IxaklKNTArUDdNV1NtUWFHa1hMY2hIVlRramJWRFExeWdGcAovdUZORXgrTWJlY0xkSitnUXZwOE5lYVJzYlFISnBxd0pkcUpSNkRKWlBmSmJydytZcDRkQWhyU29XODVqZUFNCk1XTXZvWml5RnduWVRkdndIQ1ZzZVp6U0x3NVlEellkakdtUzJIbkIzSkh3OEl5U0R3eDBadFczbDFKWEl4WmkKcVNpZ1RIem9VNk9UdEhMZHBVZ3BRdU5zOFlYME16cVdySkRJZ3BLb0R1cEpteXJEVUE0MDhrcDJGdjU2OWJUOApGYVFRTG5YaTFoZDZoOExMSzBReTd4TStKZ0Z5OGczUUw3ajJqcVRRM1Y4anZlZmNZcjVZZmtrQUZiZ1g1VDFUCldDQlRuNDIvTUJaRUVTclM2NENaa3dObW5RSURBUUFCbzBJd1FEQU9CZ05WSFE4QkFmOEVCQU1DQWdRd0R3WUQKVlIwVEFRSC9CQVV3QXdFQi96QWRCZ05WSFE0RUZnUVVqZVJORVdFdDl1UTRkWndNdEI4RlNFdW1uUzh3RFFZSgpLb1pJaHZjTkFRRUxCUUFEZ2dHQkFCWmI4MFFYL2U3LzJOckM2OC9KOGpWYzZJazlSTGt1cE02NWY3K1FheHRvCkN0Rjd6Y1Y3TTluZUNJWW1ITHZKUVVCa0dtVkZ3VHpDd2tRRTNpemhscG5Wa3ZiaFlOTkhwYzVDaEI0WVJmVmYKeGthaWE0bnpHTWlVRHo5VjRhWGFNS0VsK2RJOVM2T2hyZVpCRy9IOHdiQ1I1OHlLc2VRbGpicGV0djJqZ2VXYgpLVVU0RjFsb2ZpZGhhL0VmdWU2ZFFETHBBNEd3ckl2cFBNYTZpL1R2Y1lZenJuSHEyTkxKMUhGbjFNN2srdFZ2Ck94RlpXRTFremVvQkV3WnZ5eVdjWkkyVVY2UUZJMUxTdnhkRzJsdTNGUy8zb2ZiYmRKUlB1OEZ5RnlUVlJsTm8KOWhOVW4yNHB4WmwyWklLQlB2aGwrREd2VkgzdUNlNG4yRnlseitwcG5hRS82OVQxUFBGRCtIc29PclppTmtBVApMZUxlSythK1JrTWZCdWJKRGNjeFhPSTl5b2N5Yy9rSmtGWHIxb0hXekU1R0cwWlBGMEY1RUJKYllha29vamRyClpqTTBtTStta0pGUExMNWdkNG5lZzRhMGZXTFFjUGRzQ0krNVFIbUFOdDdtTkdvSm5oK0VlVjU2WFN0ZVBxK2EKYW1vM2o5UFk4MFBHZHp5d3A2WWZEUT09Ci0tLS0tRU5EIENFUlRJRklDQVRFLS0tLS0K"
              }
            ],
            "master_authorized_networks_config": [],
            "master_version": "1.24.9-gke.3200",
            "min_master_version": null,
            "monitoring_config": [
              {
                "enable_components": [
                  "SYSTEM_COMPONENTS"
                ]
              }
            ],
            "monitoring_service": "monitoring.googleapis.com/kubernetes",
            "name": "cloudresume-380001-gke",
            "network": "projects/cloudresume-380001/global/networks/cloudresume-380001-vpc",
            "network_policy": [
              {
                "enabled": false,
                "provider": "PROVIDER_UNSPECIFIED"
              }
            ],
            "networking_mode": "ROUTES",
            "node_config": [],
            "node_locations": [],
            "node_pool": [],
            "node_version": "1.24.9-gke.3200",
            "operation": null,
            "private_cluster_config": [
              {
                "enable_private_endpoint": false,
                "enable_private_nodes": false,
                "master_global_access_config": [
                  {
                    "enabled": false
                  }
                ],
                "master_ipv4_cidr_block": "",
                "peering_name": "",
                "private_endpoint": "10.10.0.2",
                "public_endpoint": "104.154.47.17"
              }
            ],
            "private_ipv6_google_access": "",
            "project": "cloudresume-380001",
            "release_channel": [
              {
                "channel": "REGULAR"
              }
            ],
            "remove_default_node_pool": true,
            "resource_labels": null,
            "resource_usage_export_config": [],
            "self_link": "https://container.googleapis.com/v1/projects/cloudresume-380001/zones/us-central1-f/clusters/cloudresume-380001-gke",
            "services_ipv4_cidr": "10.79.240.0/20",
            "subnetwork": "projects/cloudresume-380001/regions/us-central1/subnetworks/cloudresume-380001-subnet",
            "timeouts": null,
            "tpu_ipv4_cidr_block": "",
            "vertical_pod_autoscaling": [],
            "workload_identity_config": []
          },
          "sensitive_attributes": [],
          "private": "eyJlMmJmYjczMC1lY2FhLTExZTYtOGY4OC0zNDM2M2JjN2M0YzAiOnsiY3JlYXRlIjoyNDAwMDAwMDAwMDAwLCJkZWxldGUiOjI0MDAwMDAwMDAwMDAsInJlYWQiOjI0MDAwMDAwMDAwMDAsInVwZGF0ZSI6MzYwMDAwMDAwMDAwMH0sInNjaGVtYV92ZXJzaW9uIjoiMSJ9",
          "dependencies": [
            "google_compute_network.vpc",
            "google_compute_subnetwork.subnet"
          ]
        }
      ]
    },
    {
      "mode": "managed",
      "type": "google_container_node_pool",
      "name": "primary_nodes",
      "provider": "provider[\"registry.terraform.io/hashicorp/google\"]",
      "instances": [
        {
          "schema_version": 1,
          "attributes": {
            "autoscaling": [],
            "cluster": "cloudresume-380001-gke",
            "id": "projects/cloudresume-380001/locations/us-central1-f/clusters/cloudresume-380001-gke/nodePools/cloudresume-380001-gke",
            "initial_node_count": 2,
            "instance_group_urls": [
              "https://www.googleapis.com/compute/v1/projects/cloudresume-380001/zones/us-central1-f/instanceGroupManagers/gke-cloudresume-3800-cloudresume-3800-eb82d42f-grp"
            ],
            "location": "us-central1-f",
            "managed_instance_group_urls": [
              "https://www.googleapis.com/compute/v1/projects/cloudresume-380001/zones/us-central1-f/instanceGroups/gke-cloudresume-3800-cloudresume-3800-eb82d42f-grp"
            ],
            "management": [
              {
                "auto_repair": true,
                "auto_upgrade": true
              }
            ],
            "max_pods_per_node": null,
            "name": "cloudresume-380001-gke",
            "name_prefix": "",
            "node_config": [
              {
                "boot_disk_kms_key": "",
                "disk_size_gb": 100,
                "disk_type": "pd-balanced",
                "gcfs_config": [],
                "guest_accelerator": [],
                "gvnic": [],
                "image_type": "COS_CONTAINERD",
                "labels": {
                  "env": "cloudresume-380001"
                },
                "local_ssd_count": 0,
                "machine_type": "n1-standard-1",
                "metadata": {
                  "disable-legacy-endpoints": "true"
                },
                "min_cpu_platform": "",
                "node_group": "",
                "oauth_scopes": [
                  "https://www.googleapis.com/auth/logging.write",
                  "https://www.googleapis.com/auth/monitoring"
                ],
                "preemptible": false,
                "service_account": "default",
                "shielded_instance_config": [
                  {
                    "enable_integrity_monitoring": true,
                    "enable_secure_boot": false
                  }
                ],
                "spot": false,
                "tags": [
                  "gke-node",
                  "cloudresume-380001-gke"
                ],
                "taint": [],
                "workload_metadata_config": []
              }
            ],
            "node_count": 2,
            "node_locations": [
              "us-central1-f"
            ],
            "operation": null,
            "project": "cloudresume-380001",
            "timeouts": null,
            "upgrade_settings": [
              {
                "max_surge": 1,
                "max_unavailable": 0
              }
            ],
            "version": "1.24.9-gke.3200"
          },
          "sensitive_attributes": [],
          "private": "eyJlMmJmYjczMC1lY2FhLTExZTYtOGY4OC0zNDM2M2JjN2M0YzAiOnsiY3JlYXRlIjoxODAwMDAwMDAwMDAwLCJkZWxldGUiOjE4MDAwMDAwMDAwMDAsInVwZGF0ZSI6MTgwMDAwMDAwMDAwMH0sInNjaGVtYV92ZXJzaW9uIjoiMSJ9",
          "dependencies": [
            "google_compute_network.vpc",
            "google_compute_subnetwork.subnet",
            "google_container_cluster.primary"
          ]
        }
      ]
    }
  ],
  "check_results": null
}
